
Microsoft Visual Studio Solution File, Format Version 12.00
# Visual Studio Version 17
VisualStudioVersion = 17.10.35013.160
MinimumVisualStudioVersion = 10.0.40219.1
Project("{9A19103F-16F7-4668-BE54-9A1E7A4F7556}") = "InventoryManagement", "InventoryManagement\InventoryManagement.csproj", "{5812405C-74A3-4DBC-93E7-9BA7237A61DB}"
EndProject
Project("{9A19103F-16F7-4668-BE54-9A1E7A4F7556}") = "Infrastructure", "Infrastructure\Infrastructure.csproj", "{C4AD359B-EB18-418D-9D0C-07EC6719A284}"
EndProject
Project("{9A19103F-16F7-4668-BE54-9A1E7A4F7556}") = "Application", "Application\Application.csproj", "{77F2BAF4-A363-4329-B435-241AEA983E44}"
EndProject
Global
	GlobalSection(SolutionConfigurationPlatforms) = preSolution
		Debug|Any CPU = Debug|Any CPU
		Release|Any CPU = Release|Any CPU
	EndGlobalSection
	GlobalSection(ProjectConfigurationPlatforms) = postSolution
		{5812405C-74A3-4DBC-93E7-9BA7237A61DB}.Debug|Any CPU.ActiveCfg = Debug|Any CPU
		{5812405C-74A3-4DBC-93E7-9BA7237A61DB}.Debug|Any CPU.Build.0 = Debug|Any CPU
		{5812405C-74A3-4DBC-93E7-9BA7237A61DB}.Release|Any CPU.ActiveCfg = Release|Any CPU
		{5812405C-74A3-4DBC-93E7-9BA7237A61DB}.Release|Any CPU.Build.0 = Release|Any CPU
		{C4AD359B-EB18-418D-9D0C-07EC6719A284}.Debug|Any CPU.ActiveCfg = Debug|Any CPU
		{C4AD359B-EB18-418D-9D0C-07EC6719A284}.Debug|Any CPU.Build.0 = Debug|Any CPU
		{C4AD359B-EB18-418D-9D0C-07EC6719A284}.Release|Any CPU.ActiveCfg = Release|Any CPU
		{C4AD359B-EB18-418D-9D0C-07EC6719A284}.Release|Any CPU.Build.0 = Release|Any CPU
		{77F2BAF4-A363-4329-B435-241AEA983E44}.Debug|Any CPU.ActiveCfg = Debug|Any CPU
		{77F2BAF4-A363-4329-B435-241AEA983E44}.Debug|Any CPU.Build.0 = Debug|Any CPU
		{77F2BAF4-A363-4329-B435-241AEA983E44}.Release|Any CPU.ActiveCfg = Release|Any CPU
		{77F2BAF4-A363-4329-B435-241AEA983E44}.Release|Any CPU.Build.0 = Release|Any CPU
	EndGlobalSection
	GlobalSection(SolutionProperties) = preSolution
		HideSolutionNode = FALSE
	EndGlobalSection
	GlobalSection(ExtensibilityGlobals) = postSolution
		SolutionGuid = {54A63E40-F03C-4A37-914A-C4A4FAD98236}
	EndGlobalSection
EndGlobal
